
Microsoft Visual Studio Solution File, Format Version 12.00
# Visual Studio Version 17
VisualStudioVersion = 17.7.34018.315
MinimumVisualStudioVersion = 10.0.40219.1
Project("{FAE04EC0-301F-11D3-BF4B-00C04F79EFBC}") = "testWorkForSpeedBox", "testWorkForSpeedBox\testWorkForSpeedBox.csproj", "{C3A85616-F37D-4F5C-A7D0-D7BE1A7069A2}"
EndProject
Global
	GlobalSection(SolutionConfigurationPlatforms) = preSolution
		Debug|Any CPU = Debug|Any CPU
		Release|Any CPU = Release|Any CPU
	EndGlobalSection
	GlobalSection(ProjectConfigurationPlatforms) = postSolution
		{C3A85616-F37D-4F5C-A7D0-D7BE1A7069A2}.Debug|Any CPU.ActiveCfg = Debug|Any CPU
		{C3A85616-F37D-4F5C-A7D0-D7BE1A7069A2}.Debug|Any CPU.Build.0 = Debug|Any CPU
		{C3A85616-F37D-4F5C-A7D0-D7BE1A7069A2}.Release|Any CPU.ActiveCfg = Release|Any CPU
		{C3A85616-F37D-4F5C-A7D0-D7BE1A7069A2}.Release|Any CPU.Build.0 = Release|Any CPU
	EndGlobalSection
	GlobalSection(SolutionProperties) = preSolution
		HideSolutionNode = FALSE
	EndGlobalSection
	GlobalSection(ExtensibilityGlobals) = postSolution
		SolutionGuid = {4A257A08-4BE1-4E20-A873-5657CFEECAA6}
	EndGlobalSection
EndGlobal
